
Microsoft Visual Studio Solution File, Format Version 12.00
# Visual Studio Version 16
VisualStudioVersion = 16.0.31911.196
MinimumVisualStudioVersion = 10.0.40219.1
Project("{FAE04EC0-301F-11D3-BF4B-00C04F79EFBC}") = "Collection_Array_list_Genric", "Collection_Array_list_Genric\Collection_Array_list_Genric.csproj", "{FF9A590D-4013-454D-A2CF-C01856F29B05}"
EndProject
Global
	GlobalSection(SolutionConfigurationPlatforms) = preSolution
		Debug|Any CPU = Debug|Any CPU
		Release|Any CPU = Release|Any CPU
	EndGlobalSection
	GlobalSection(ProjectConfigurationPlatforms) = postSolution
		{FF9A590D-4013-454D-A2CF-C01856F29B05}.Debug|Any CPU.ActiveCfg = Debug|Any CPU
		{FF9A590D-4013-454D-A2CF-C01856F29B05}.Debug|Any CPU.Build.0 = Debug|Any CPU
		{FF9A590D-4013-454D-A2CF-C01856F29B05}.Release|Any CPU.ActiveCfg = Release|Any CPU
		{FF9A590D-4013-454D-A2CF-C01856F29B05}.Release|Any CPU.Build.0 = Release|Any CPU
	EndGlobalSection
	GlobalSection(SolutionProperties) = preSolution
		HideSolutionNode = FALSE
	EndGlobalSection
	GlobalSection(ExtensibilityGlobals) = postSolution
		SolutionGuid = {AFFA68F2-61C1-4A60-9FD9-50DC28691039}
	EndGlobalSection
EndGlobal
