
Microsoft Visual Studio Solution File, Format Version 12.00
# Visual Studio Version 16
VisualStudioVersion = 16.0.31911.196
MinimumVisualStudioVersion = 10.0.40219.1
Project("{FAE04EC0-301F-11D3-BF4B-00C04F79EFBC}") = "FirstMVC", "FirstMVC\FirstMVC.csproj", "{DAC981C2-17CD-48DF-B8B8-B6E755F8E522}"
EndProject
Global
	GlobalSection(SolutionConfigurationPlatforms) = preSolution
		Debug|Any CPU = Debug|Any CPU
		Release|Any CPU = Release|Any CPU
	EndGlobalSection
	GlobalSection(ProjectConfigurationPlatforms) = postSolution
		{DAC981C2-17CD-48DF-B8B8-B6E755F8E522}.Debug|Any CPU.ActiveCfg = Debug|Any CPU
		{DAC981C2-17CD-48DF-B8B8-B6E755F8E522}.Debug|Any CPU.Build.0 = Debug|Any CPU
		{DAC981C2-17CD-48DF-B8B8-B6E755F8E522}.Release|Any CPU.ActiveCfg = Release|Any CPU
		{DAC981C2-17CD-48DF-B8B8-B6E755F8E522}.Release|Any CPU.Build.0 = Release|Any CPU
	EndGlobalSection
	GlobalSection(SolutionProperties) = preSolution
		HideSolutionNode = FALSE
	EndGlobalSection
	GlobalSection(ExtensibilityGlobals) = postSolution
		SolutionGuid = {65E99A4C-7285-427A-96B2-B276A6141B33}
	EndGlobalSection
EndGlobal
