
Microsoft Visual Studio Solution File, Format Version 12.00
# Visual Studio Version 16
VisualStudioVersion = 16.0.31911.196
MinimumVisualStudioVersion = 10.0.40219.1
Project("{FAE04EC0-301F-11D3-BF4B-00C04F79EFBC}") = "MVC_Exercise", "MVC_Exercise\MVC_Exercise.csproj", "{464A5625-A44B-4166-9BF0-9FB1C939D2B1}"
EndProject
Global
	GlobalSection(SolutionConfigurationPlatforms) = preSolution
		Debug|Any CPU = Debug|Any CPU
		Release|Any CPU = Release|Any CPU
	EndGlobalSection
	GlobalSection(ProjectConfigurationPlatforms) = postSolution
		{464A5625-A44B-4166-9BF0-9FB1C939D2B1}.Debug|Any CPU.ActiveCfg = Debug|Any CPU
		{464A5625-A44B-4166-9BF0-9FB1C939D2B1}.Debug|Any CPU.Build.0 = Debug|Any CPU
		{464A5625-A44B-4166-9BF0-9FB1C939D2B1}.Release|Any CPU.ActiveCfg = Release|Any CPU
		{464A5625-A44B-4166-9BF0-9FB1C939D2B1}.Release|Any CPU.Build.0 = Release|Any CPU
	EndGlobalSection
	GlobalSection(SolutionProperties) = preSolution
		HideSolutionNode = FALSE
	EndGlobalSection
	GlobalSection(ExtensibilityGlobals) = postSolution
		SolutionGuid = {DD7EB715-96E9-4509-8D7F-337255207037}
	EndGlobalSection
EndGlobal
