
Microsoft Visual Studio Solution File, Format Version 12.00
# Visual Studio Version 16
VisualStudioVersion = 16.0.31911.196
MinimumVisualStudioVersion = 10.0.40219.1
Project("{FAE04EC0-301F-11D3-BF4B-00C04F79EFBC}") = "Collection Stack", "Collection Stack\Collection Stack.csproj", "{D00573BC-9E2B-4198-AFA2-66107488B4CB}"
EndProject
Global
	GlobalSection(SolutionConfigurationPlatforms) = preSolution
		Debug|Any CPU = Debug|Any CPU
		Release|Any CPU = Release|Any CPU
	EndGlobalSection
	GlobalSection(ProjectConfigurationPlatforms) = postSolution
		{D00573BC-9E2B-4198-AFA2-66107488B4CB}.Debug|Any CPU.ActiveCfg = Debug|Any CPU
		{D00573BC-9E2B-4198-AFA2-66107488B4CB}.Debug|Any CPU.Build.0 = Debug|Any CPU
		{D00573BC-9E2B-4198-AFA2-66107488B4CB}.Release|Any CPU.ActiveCfg = Release|Any CPU
		{D00573BC-9E2B-4198-AFA2-66107488B4CB}.Release|Any CPU.Build.0 = Release|Any CPU
	EndGlobalSection
	GlobalSection(SolutionProperties) = preSolution
		HideSolutionNode = FALSE
	EndGlobalSection
	GlobalSection(ExtensibilityGlobals) = postSolution
		SolutionGuid = {D789AF25-D497-495B-8574-164FA835ED68}
	EndGlobalSection
EndGlobal
