
Microsoft Visual Studio Solution File, Format Version 12.00
# Visual Studio Version 16
VisualStudioVersion = 16.0.31911.196
MinimumVisualStudioVersion = 10.0.40219.1
Project("{FAE04EC0-301F-11D3-BF4B-00C04F79EFBC}") = "CustomerRegistrationWithoutModel", "CustomerRegistrationWithoutModel\CustomerRegistrationWithoutModel.csproj", "{B80384F6-86D1-460F-83D2-7B1E62E3F857}"
EndProject
Global
	GlobalSection(SolutionConfigurationPlatforms) = preSolution
		Debug|Any CPU = Debug|Any CPU
		Release|Any CPU = Release|Any CPU
	EndGlobalSection
	GlobalSection(ProjectConfigurationPlatforms) = postSolution
		{B80384F6-86D1-460F-83D2-7B1E62E3F857}.Debug|Any CPU.ActiveCfg = Debug|Any CPU
		{B80384F6-86D1-460F-83D2-7B1E62E3F857}.Debug|Any CPU.Build.0 = Debug|Any CPU
		{B80384F6-86D1-460F-83D2-7B1E62E3F857}.Release|Any CPU.ActiveCfg = Release|Any CPU
		{B80384F6-86D1-460F-83D2-7B1E62E3F857}.Release|Any CPU.Build.0 = Release|Any CPU
	EndGlobalSection
	GlobalSection(SolutionProperties) = preSolution
		HideSolutionNode = FALSE
	EndGlobalSection
	GlobalSection(ExtensibilityGlobals) = postSolution
		SolutionGuid = {EF373431-6307-4AD6-8A76-366AF4D76CD0}
	EndGlobalSection
EndGlobal
