
Microsoft Visual Studio Solution File, Format Version 12.00
# Visual Studio Version 16
VisualStudioVersion = 16.0.31911.196
MinimumVisualStudioVersion = 10.0.40219.1
Project("{FAE04EC0-301F-11D3-BF4B-00C04F79EFBC}") = "Collection Dectionary Genric", "Collection Dectionary Genric\Collection Dectionary Genric.csproj", "{B44CF605-FB40-42E8-8F59-B8CBE45FD20B}"
EndProject
Global
	GlobalSection(SolutionConfigurationPlatforms) = preSolution
		Debug|Any CPU = Debug|Any CPU
		Release|Any CPU = Release|Any CPU
	EndGlobalSection
	GlobalSection(ProjectConfigurationPlatforms) = postSolution
		{B44CF605-FB40-42E8-8F59-B8CBE45FD20B}.Debug|Any CPU.ActiveCfg = Debug|Any CPU
		{B44CF605-FB40-42E8-8F59-B8CBE45FD20B}.Debug|Any CPU.Build.0 = Debug|Any CPU
		{B44CF605-FB40-42E8-8F59-B8CBE45FD20B}.Release|Any CPU.ActiveCfg = Release|Any CPU
		{B44CF605-FB40-42E8-8F59-B8CBE45FD20B}.Release|Any CPU.Build.0 = Release|Any CPU
	EndGlobalSection
	GlobalSection(SolutionProperties) = preSolution
		HideSolutionNode = FALSE
	EndGlobalSection
	GlobalSection(ExtensibilityGlobals) = postSolution
		SolutionGuid = {D22D2CA6-A17C-4743-A745-BFB787B4348A}
	EndGlobalSection
EndGlobal
