
Microsoft Visual Studio Solution File, Format Version 12.00
# Visual Studio Version 16
VisualStudioVersion = 16.0.31911.196
MinimumVisualStudioVersion = 10.0.40219.1
Project("{FAE04EC0-301F-11D3-BF4B-00C04F79EFBC}") = "Array_user_input", "Array_user_input\Array_user_input.csproj", "{9238DAF0-AA6F-4C99-BBEA-1E4D9CEE1700}"
EndProject
Global
	GlobalSection(SolutionConfigurationPlatforms) = preSolution
		Debug|Any CPU = Debug|Any CPU
		Release|Any CPU = Release|Any CPU
	EndGlobalSection
	GlobalSection(ProjectConfigurationPlatforms) = postSolution
		{9238DAF0-AA6F-4C99-BBEA-1E4D9CEE1700}.Debug|Any CPU.ActiveCfg = Debug|Any CPU
		{9238DAF0-AA6F-4C99-BBEA-1E4D9CEE1700}.Debug|Any CPU.Build.0 = Debug|Any CPU
		{9238DAF0-AA6F-4C99-BBEA-1E4D9CEE1700}.Release|Any CPU.ActiveCfg = Release|Any CPU
		{9238DAF0-AA6F-4C99-BBEA-1E4D9CEE1700}.Release|Any CPU.Build.0 = Release|Any CPU
	EndGlobalSection
	GlobalSection(SolutionProperties) = preSolution
		HideSolutionNode = FALSE
	EndGlobalSection
	GlobalSection(ExtensibilityGlobals) = postSolution
		SolutionGuid = {BACA0B45-35C5-4CB8-ABD8-68409F60F4CE}
	EndGlobalSection
EndGlobal
